
Microsoft Visual Studio Solution File, Format Version 12.00
# Visual Studio Version 16
VisualStudioVersion = 16.0.29009.5
MinimumVisualStudioVersion = 10.0.40219.1
Project("{FAE04EC0-301F-11D3-BF4B-00C04F79EFBC}") = "ExtrapointNew", "ExtrapointNew\ExtrapointNew.csproj", "{8166BFAA-15D3-4465-8D00-FAC5DC0B61A2}"
EndProject
Global
	GlobalSection(SolutionConfigurationPlatforms) = preSolution
		Debug|Any CPU = Debug|Any CPU
		Release|Any CPU = Release|Any CPU
	EndGlobalSection
	GlobalSection(ProjectConfigurationPlatforms) = postSolution
		{8166BFAA-15D3-4465-8D00-FAC5DC0B61A2}.Debug|Any CPU.ActiveCfg = Debug|Any CPU
		{8166BFAA-15D3-4465-8D00-FAC5DC0B61A2}.Debug|Any CPU.Build.0 = Debug|Any CPU
		{8166BFAA-15D3-4465-8D00-FAC5DC0B61A2}.Release|Any CPU.ActiveCfg = Release|Any CPU
		{8166BFAA-15D3-4465-8D00-FAC5DC0B61A2}.Release|Any CPU.Build.0 = Release|Any CPU
	EndGlobalSection
	GlobalSection(SolutionProperties) = preSolution
		HideSolutionNode = FALSE
	EndGlobalSection
	GlobalSection(ExtensibilityGlobals) = postSolution
		SolutionGuid = {BE8F7E8D-D049-469B-8599-70CA3CDD0165}
	EndGlobalSection
EndGlobal
